// !$*UTF8*$!
{
	archiveVersion = 1;
	classes = {
	};
	objectVersion = 54;
	objects = {

/* Begin PBXBuildFile section */
		423B814127204DB50001AB19 /* DungGeunMo.ttf in Resources */ = {isa = PBXBuildFile; fileRef = 423B814027204DB50001AB19 /* DungGeunMo.ttf */; };
		423B81442720D3110001AB19 /* SettingViewController.swift in Sources */ = {isa = PBXBuildFile; fileRef = 423B81432720D3110001AB19 /* SettingViewController.swift */; };
		423B81462720D9880001AB19 /* CheckViewController.swift in Sources */ = {isa = PBXBuildFile; fileRef = 423B81452720D9880001AB19 /* CheckViewController.swift */; };
		423B81482720DFD40001AB19 /* LunchViewController.swift in Sources */ = {isa = PBXBuildFile; fileRef = 423B81472720DFD40001AB19 /* LunchViewController.swift */; };
		423CC320272269790089074E /* TeacherLoginViewController.swift in Sources */ = {isa = PBXBuildFile; fileRef = 423CC31F272269790089074E /* TeacherLoginViewController.swift */; };
		426D0FD92721264E0074470E /* RegisterViewController.swift in Sources */ = {isa = PBXBuildFile; fileRef = 426D0FD82721264E0074470E /* RegisterViewController.swift */; };
		426D0FDB27213DC60074470E /* TeacherCheckViewController.swift in Sources */ = {isa = PBXBuildFile; fileRef = 426D0FDA27213DC60074470E /* TeacherCheckViewController.swift */; };
		426D0FDD272194DA0074470E /* GoogleService-Info.plist in Resources */ = {isa = PBXBuildFile; fileRef = 426D0FDC272194DA0074470E /* GoogleService-Info.plist */; };
		4283AFC2272043370019A066 /* MainTabBarViewController.swift in Sources */ = {isa = PBXBuildFile; fileRef = 4283AFC1272043370019A066 /* MainTabBarViewController.swift */; };
		429316FE270D1BC70004DEED /* AppDelegate.swift in Sources */ = {isa = PBXBuildFile; fileRef = 429316FD270D1BC70004DEED /* AppDelegate.swift */; };
		42931700270D1BC70004DEED /* SceneDelegate.swift in Sources */ = {isa = PBXBuildFile; fileRef = 429316FF270D1BC70004DEED /* SceneDelegate.swift */; };
		42931702270D1BC70004DEED /* ViewController.swift in Sources */ = {isa = PBXBuildFile; fileRef = 42931701270D1BC70004DEED /* ViewController.swift */; };
		42931705270D1BC70004DEED /* Main.storyboard in Resources */ = {isa = PBXBuildFile; fileRef = 42931703270D1BC70004DEED /* Main.storyboard */; };
		42931707270D1BC80004DEED /* Assets.xcassets in Resources */ = {isa = PBXBuildFile; fileRef = 42931706270D1BC80004DEED /* Assets.xcassets */; };
		4293170A270D1BC80004DEED /* LaunchScreen.storyboard in Resources */ = {isa = PBXBuildFile; fileRef = 42931708270D1BC80004DEED /* LaunchScreen.storyboard */; };
		84624504784739B53C9A0E9E /* Pods_LunchRadio.framework in Frameworks */ = {isa = PBXBuildFile; fileRef = 4425D210A5D16EF66F8F00C4 /* Pods_LunchRadio.framework */; };
/* End PBXBuildFile section */

/* Begin PBXFileReference section */
		423B814027204DB50001AB19 /* DungGeunMo.ttf */ = {isa = PBXFileReference; lastKnownFileType = file; name = DungGeunMo.ttf; path = ../../../../../../Downloads/DungGeunMo.ttf; sourceTree = "<group>"; };
		423B81432720D3110001AB19 /* SettingViewController.swift */ = {isa = PBXFileReference; lastKnownFileType = sourcecode.swift; path = SettingViewController.swift; sourceTree = "<group>"; };
		423B81452720D9880001AB19 /* CheckViewController.swift */ = {isa = PBXFileReference; lastKnownFileType = sourcecode.swift; path = CheckViewController.swift; sourceTree = "<group>"; };
		423B81472720DFD40001AB19 /* LunchViewController.swift */ = {isa = PBXFileReference; lastKnownFileType = sourcecode.swift; path = LunchViewController.swift; sourceTree = "<group>"; };
		423CC31F272269790089074E /* TeacherLoginViewController.swift */ = {isa = PBXFileReference; lastKnownFileType = sourcecode.swift; path = TeacherLoginViewController.swift; sourceTree = "<group>"; };
		426D0FD82721264E0074470E /* RegisterViewController.swift */ = {isa = PBXFileReference; lastKnownFileType = sourcecode.swift; path = RegisterViewController.swift; sourceTree = "<group>"; };
		426D0FDA27213DC60074470E /* TeacherCheckViewController.swift */ = {isa = PBXFileReference; lastKnownFileType = sourcecode.swift; path = TeacherCheckViewController.swift; sourceTree = "<group>"; };
		426D0FDC272194DA0074470E /* GoogleService-Info.plist */ = {isa = PBXFileReference; fileEncoding = 4; lastKnownFileType = text.plist.xml; name = "GoogleService-Info.plist"; path = "../../../../../Downloads/GoogleService-Info.plist"; sourceTree = "<group>"; };
		4283AFC1272043370019A066 /* MainTabBarViewController.swift */ = {isa = PBXFileReference; lastKnownFileType = sourcecode.swift; path = MainTabBarViewController.swift; sourceTree = "<group>"; };
		429316FA270D1BC70004DEED /* LunchRadio.app */ = {isa = PBXFileReference; explicitFileType = wrapper.application; includeInIndex = 0; path = LunchRadio.app; sourceTree = BUILT_PRODUCTS_DIR; };
		429316FD270D1BC70004DEED /* AppDelegate.swift */ = {isa = PBXFileReference; lastKnownFileType = sourcecode.swift; path = AppDelegate.swift; sourceTree = "<group>"; };
		429316FF270D1BC70004DEED /* SceneDelegate.swift */ = {isa = PBXFileReference; lastKnownFileType = sourcecode.swift; path = SceneDelegate.swift; sourceTree = "<group>"; };
		42931701270D1BC70004DEED /* ViewController.swift */ = {isa = PBXFileReference; lastKnownFileType = sourcecode.swift; path = ViewController.swift; sourceTree = "<group>"; };
		42931704270D1BC70004DEED /* Base */ = {isa = PBXFileReference; lastKnownFileType = file.storyboard; name = Base; path = Base.lproj/Main.storyboard; sourceTree = "<group>"; };
		42931706270D1BC80004DEED /* Assets.xcassets */ = {isa = PBXFileReference; lastKnownFileType = folder.assetcatalog; path = Assets.xcassets; sourceTree = "<group>"; };
		42931709270D1BC80004DEED /* Base */ = {isa = PBXFileReference; lastKnownFileType = file.storyboard; name = Base; path = Base.lproj/LaunchScreen.storyboard; sourceTree = "<group>"; };
		4293170B270D1BC80004DEED /* Info.plist */ = {isa = PBXFileReference; lastKnownFileType = text.plist.xml; path = Info.plist; sourceTree = "<group>"; };
		4425D210A5D16EF66F8F00C4 /* Pods_LunchRadio.framework */ = {isa = PBXFileReference; explicitFileType = wrapper.framework; includeInIndex = 0; path = Pods_LunchRadio.framework; sourceTree = BUILT_PRODUCTS_DIR; };
		88090AFA2B67F61823806C33 /* Pods-LunchRadio.debug.xcconfig */ = {isa = PBXFileReference; includeInIndex = 1; lastKnownFileType = text.xcconfig; name = "Pods-LunchRadio.debug.xcconfig"; path = "Target Support Files/Pods-LunchRadio/Pods-LunchRadio.debug.xcconfig"; sourceTree = "<group>"; };
		F3B98E716FE13223818A5E28 /* Pods-LunchRadio.release.xcconfig */ = {isa = PBXFileReference; includeInIndex = 1; lastKnownFileType = text.xcconfig; name = "Pods-LunchRadio.release.xcconfig"; path = "Target Support Files/Pods-LunchRadio/Pods-LunchRadio.release.xcconfig"; sourceTree = "<group>"; };
/* End PBXFileReference section */

/* Begin PBXFrameworksBuildPhase section */
		429316F7270D1BC70004DEED /* Frameworks */ = {
			isa = PBXFrameworksBuildPhase;
			buildActionMask = 2147483647;
			files = (
				84624504784739B53C9A0E9E /* Pods_LunchRadio.framework in Frameworks */,
			);
			runOnlyForDeploymentPostprocessing = 0;
		};
/* End PBXFrameworksBuildPhase section */

/* Begin PBXGroup section */
		423B813F27204D970001AB19 /* Fonts */ = {
			isa = PBXGroup;
			children = (
				423B814027204DB50001AB19 /* DungGeunMo.ttf */,
			);
			path = Fonts;
			sourceTree = "<group>";
		};
		423B81422720D2AF0001AB19 /* VC */ = {
			isa = PBXGroup;
			children = (
				42931701270D1BC70004DEED /* ViewController.swift */,
				423B81452720D9880001AB19 /* CheckViewController.swift */,
				423B81432720D3110001AB19 /* SettingViewController.swift */,
				423B81472720DFD40001AB19 /* LunchViewController.swift */,
				426D0FD82721264E0074470E /* RegisterViewController.swift */,
				426D0FDA27213DC60074470E /* TeacherCheckViewController.swift */,
				423CC31F272269790089074E /* TeacherLoginViewController.swift */,
				4283AFC1272043370019A066 /* MainTabBarViewController.swift */,
			);
			path = VC;
			sourceTree = "<group>";
		};
		429316F1270D1BC70004DEED = {
			isa = PBXGroup;
			children = (
				429316FC270D1BC70004DEED /* LunchRadio */,
				429316FB270D1BC70004DEED /* Products */,
				9ACBD2671B1829B599215394 /* Pods */,
				CBBD57998484ABA64CEE22A0 /* Frameworks */,
			);
			sourceTree = "<group>";
		};
		429316FB270D1BC70004DEED /* Products */ = {
			isa = PBXGroup;
			children = (
				429316FA270D1BC70004DEED /* LunchRadio.app */,
			);
			name = Products;
			sourceTree = "<group>";
		};
		429316FC270D1BC70004DEED /* LunchRadio */ = {
			isa = PBXGroup;
			children = (
				423B81422720D2AF0001AB19 /* VC */,
				423B813F27204D970001AB19 /* Fonts */,
				429316FD270D1BC70004DEED /* AppDelegate.swift */,
				429316FF270D1BC70004DEED /* SceneDelegate.swift */,
				42931703270D1BC70004DEED /* Main.storyboard */,
				42931706270D1BC80004DEED /* Assets.xcassets */,
				42931708270D1BC80004DEED /* LaunchScreen.storyboard */,
				4293170B270D1BC80004DEED /* Info.plist */,
				426D0FDC272194DA0074470E /* GoogleService-Info.plist */,
			);
			path = LunchRadio;
			sourceTree = "<group>";
		};
		9ACBD2671B1829B599215394 /* Pods */ = {
			isa = PBXGroup;
			children = (
				88090AFA2B67F61823806C33 /* Pods-LunchRadio.debug.xcconfig */,
				F3B98E716FE13223818A5E28 /* Pods-LunchRadio.release.xcconfig */,
			);
			path = Pods;
			sourceTree = "<group>";
		};
		CBBD57998484ABA64CEE22A0 /* Frameworks */ = {
			isa = PBXGroup;
			children = (
				4425D210A5D16EF66F8F00C4 /* Pods_LunchRadio.framework */,
			);
			name = Frameworks;
			sourceTree = "<group>";
		};
/* End PBXGroup section */

/* Begin PBXNativeTarget section */
		429316F9270D1BC70004DEED /* LunchRadio */ = {
			isa = PBXNativeTarget;
			buildConfigurationList = 4293170E270D1BC80004DEED /* Build configuration list for PBXNativeTarget "LunchRadio" */;
			buildPhases = (
				34E29FA411EB34556CF46A72 /* [CP] Check Pods Manifest.lock */,
				429316F6270D1BC70004DEED /* Sources */,
				429316F7270D1BC70004DEED /* Frameworks */,
				429316F8270D1BC70004DEED /* Resources */,
				556D4307D492ABF49A80E324 /* [CP] Embed Pods Frameworks */,
			);
			buildRules = (
			);
			dependencies = (
			);
			name = LunchRadio;
			productName = LunchRadio;
			productReference = 429316FA270D1BC70004DEED /* LunchRadio.app */;
			productType = "com.apple.product-type.application";
		};
/* End PBXNativeTarget section */

/* Begin PBXProject section */
		429316F2270D1BC70004DEED /* Project object */ = {
			isa = PBXProject;
			attributes = {
				BuildIndependentTargetsInParallel = 1;
				LastSwiftUpdateCheck = 1300;
				LastUpgradeCheck = 1300;
				TargetAttributes = {
					429316F9270D1BC70004DEED = {
						CreatedOnToolsVersion = 13.0;
					};
				};
			};
			buildConfigurationList = 429316F5270D1BC70004DEED /* Build configuration list for PBXProject "LunchRadio" */;
			compatibilityVersion = "Xcode 12.0";
			developmentRegion = en;
			hasScannedForEncodings = 0;
			knownRegions = (
				en,
				Base,
			);
			mainGroup = 429316F1270D1BC70004DEED;
			productRefGroup = 429316FB270D1BC70004DEED /* Products */;
			projectDirPath = "";
			projectRoot = "";
			targets = (
				429316F9270D1BC70004DEED /* LunchRadio */,
			);
		};
/* End PBXProject section */

/* Begin PBXResourcesBuildPhase section */
		429316F8270D1BC70004DEED /* Resources */ = {
			isa = PBXResourcesBuildPhase;
			buildActionMask = 2147483647;
			files = (
				4293170A270D1BC80004DEED /* LaunchScreen.storyboard in Resources */,
				42931707270D1BC80004DEED /* Assets.xcassets in Resources */,
				426D0FDD272194DA0074470E /* GoogleService-Info.plist in Resources */,
				42931705270D1BC70004DEED /* Main.storyboard in Resources */,
				423B814127204DB50001AB19 /* DungGeunMo.ttf in Resources */,
			);
			runOnlyForDeploymentPostprocessing = 0;
		};
/* End PBXResourcesBuildPhase section */

/* Begin PBXShellScriptBuildPhase section */
		34E29FA411EB34556CF46A72 /* [CP] Check Pods Manifest.lock */ = {
			isa = PBXShellScriptBuildPhase;
			buildActionMask = 2147483647;
			files = (
			);
			inputFileListPaths = (
			);
			inputPaths = (
				"${PODS_PODFILE_DIR_PATH}/Podfile.lock",
				"${PODS_ROOT}/Manifest.lock",
			);
			name = "[CP] Check Pods Manifest.lock";
			outputFileListPaths = (
			);
			outputPaths = (
				"$(DERIVED_FILE_DIR)/Pods-LunchRadio-checkManifestLockResult.txt",
			);
			runOnlyForDeploymentPostprocessing = 0;
			shellPath = /bin/sh;
			shellScript = "diff \"${PODS_PODFILE_DIR_PATH}/Podfile.lock\" \"${PODS_ROOT}/Manifest.lock\" > /dev/null\nif [ $? != 0 ] ; then\n    # print error to STDERR\n    echo \"error: The sandbox is not in sync with the Podfile.lock. Run 'pod install' or update your CocoaPods installation.\" >&2\n    exit 1\nfi\n# This output is used by Xcode 'outputs' to avoid re-running this script phase.\necho \"SUCCESS\" > \"${SCRIPT_OUTPUT_FILE_0}\"\n";
			showEnvVarsInLog = 0;
		};
		556D4307D492ABF49A80E324 /* [CP] Embed Pods Frameworks */ = {
			isa = PBXShellScriptBuildPhase;
			buildActionMask = 2147483647;
			files = (
			);
			inputFileListPaths = (
				"${PODS_ROOT}/Target Support Files/Pods-LunchRadio/Pods-LunchRadio-frameworks-${CONFIGURATION}-input-files.xcfilelist",
			);
			name = "[CP] Embed Pods Frameworks";
			outputFileListPaths = (
				"${PODS_ROOT}/Target Support Files/Pods-LunchRadio/Pods-LunchRadio-frameworks-${CONFIGURATION}-output-files.xcfilelist",
			);
			runOnlyForDeploymentPostprocessing = 0;
			shellPath = /bin/sh;
			shellScript = "\"${PODS_ROOT}/Target Support Files/Pods-LunchRadio/Pods-LunchRadio-frameworks.sh\"\n";
			showEnvVarsInLog = 0;
		};
/* End PBXShellScriptBuildPhase section */

/* Begin PBXSourcesBuildPhase section */
		429316F6270D1BC70004DEED /* Sources */ = {
			isa = PBXSourcesBuildPhase;
			buildActionMask = 2147483647;
			files = (
				423B81442720D3110001AB19 /* SettingViewController.swift in Sources */,
				42931702270D1BC70004DEED /* ViewController.swift in Sources */,
				4283AFC2272043370019A066 /* MainTabBarViewController.swift in Sources */,
				426D0FDB27213DC60074470E /* TeacherCheckViewController.swift in Sources */,
				426D0FD92721264E0074470E /* RegisterViewController.swift in Sources */,
				423B81482720DFD40001AB19 /* LunchViewController.swift in Sources */,
				423CC320272269790089074E /* TeacherLoginViewController.swift in Sources */,
				423B81462720D9880001AB19 /* CheckViewController.swift in Sources */,
				429316FE270D1BC70004DEED /* AppDelegate.swift in Sources */,
				42931700270D1BC70004DEED /* SceneDelegate.swift in Sources */,
			);
			runOnlyForDeploymentPostprocessing = 0;
		};
/* End PBXSourcesBuildPhase section */

/* Begin PBXVariantGroup section */
		42931703270D1BC70004DEED /* Main.storyboard */ = {
			isa = PBXVariantGroup;
			children = (
				42931704270D1BC70004DEED /* Base */,
			);
			name = Main.storyboard;
			sourceTree = "<group>";
		};
		42931708270D1BC80004DEED /* LaunchScreen.storyboard */ = {
			isa = PBXVariantGroup;
			children = (
				42931709270D1BC80004DEED /* Base */,
			);
			name = LaunchScreen.storyboard;
			sourceTree = "<group>";
		};
/* End PBXVariantGroup section */

/* Begin XCBuildConfiguration section */
		4293170C270D1BC80004DEED /* Debug */ = {
			isa = XCBuildConfiguration;
			buildSettings = {
				ALWAYS_SEARCH_USER_PATHS = NO;
				CLANG_ANALYZER_NONNULL = YES;
				CLANG_ANALYZER_NUMBER_OBJECT_CONVERSION = YES_AGGRESSIVE;
				CLANG_CXX_LANGUAGE_STANDARD = "gnu++17";
				CLANG_CXX_LIBRARY = "libc++";
				CLANG_ENABLE_MODULES = YES;
				CLANG_ENABLE_OBJC_ARC = YES;
				CLANG_ENABLE_OBJC_WEAK = YES;
				CLANG_WARN_BLOCK_CAPTURE_AUTORELEASING = YES;
				CLANG_WARN_BOOL_CONVERSION = YES;
				CLANG_WARN_COMMA = YES;
				CLANG_WARN_CONSTANT_CONVERSION = YES;
				CLANG_WARN_DEPRECATED_OBJC_IMPLEMENTATIONS = YES;
				CLANG_WARN_DIRECT_OBJC_ISA_USAGE = YES_ERROR;
				CLANG_WARN_DOCUMENTATION_COMMENTS = YES;
				CLANG_WARN_EMPTY_BODY = YES;
				CLANG_WARN_ENUM_CONVERSION = YES;
				CLANG_WARN_INFINITE_RECURSION = YES;
				CLANG_WARN_INT_CONVERSION = YES;
				CLANG_WARN_NON_LITERAL_NULL_CONVERSION = YES;
				CLANG_WARN_OBJC_IMPLICIT_RETAIN_SELF = YES;
				CLANG_WARN_OBJC_LITERAL_CONVERSION = YES;
				CLANG_WARN_OBJC_ROOT_CLASS = YES_ERROR;
				CLANG_WARN_QUOTED_INCLUDE_IN_FRAMEWORK_HEADER = YES;
				CLANG_WARN_RANGE_LOOP_ANALYSIS = YES;
				CLANG_WARN_STRICT_PROTOTYPES = YES;
				CLANG_WARN_SUSPICIOUS_MOVE = YES;
				CLANG_WARN_UNGUARDED_AVAILABILITY = YES_AGGRESSIVE;
				CLANG_WARN_UNREACHABLE_CODE = YES;
				CLANG_WARN__DUPLICATE_METHOD_MATCH = YES;
				COPY_PHASE_STRIP = NO;
				DEBUG_INFORMATION_FORMAT = dwarf;
				ENABLE_STRICT_OBJC_MSGSEND = YES;
				ENABLE_TESTABILITY = YES;
				GCC_C_LANGUAGE_STANDARD = gnu11;
				GCC_DYNAMIC_NO_PIC = NO;
				GCC_NO_COMMON_BLOCKS = YES;
				GCC_OPTIMIZATION_LEVEL = 0;
				GCC_PREPROCESSOR_DEFINITIONS = (
					"DEBUG=1",
					"$(inherited)",
				);
				GCC_WARN_64_TO_32_BIT_CONVERSION = YES;
				GCC_WARN_ABOUT_RETURN_TYPE = YES_ERROR;
				GCC_WARN_UNDECLARED_SELECTOR = YES;
				GCC_WARN_UNINITIALIZED_AUTOS = YES_AGGRESSIVE;
				GCC_WARN_UNUSED_FUNCTION = YES;
				GCC_WARN_UNUSED_VARIABLE = YES;
				IPHONEOS_DEPLOYMENT_TARGET = 15.0;
				MTL_ENABLE_DEBUG_INFO = INCLUDE_SOURCE;
				MTL_FAST_MATH = YES;
				ONLY_ACTIVE_ARCH = YES;
				SDKROOT = iphoneos;
				SWIFT_ACTIVE_COMPILATION_CONDITIONS = DEBUG;
				SWIFT_OPTIMIZATION_LEVEL = "-Onone";
			};
			name = Debug;
		};
		4293170D270D1BC80004DEED /* Release */ = {
			isa = XCBuildConfiguration;
			buildSettings = {
				ALWAYS_SEARCH_USER_PATHS = NO;
				CLANG_ANALYZER_NONNULL = YES;
				CLANG_ANALYZER_NUMBER_OBJECT_CONVERSION = YES_AGGRESSIVE;
				CLANG_CXX_LANGUAGE_STANDARD = "gnu++17";
				CLANG_CXX_LIBRARY = "libc++";
				CLANG_ENABLE_MODULES = YES;
				CLANG_ENABLE_OBJC_ARC = YES;
				CLANG_ENABLE_OBJC_WEAK = YES;
				CLANG_WARN_BLOCK_CAPTURE_AUTORELEASING = YES;
				CLANG_WARN_BOOL_CONVERSION = YES;
				CLANG_WARN_COMMA = YES;
				CLANG_WARN_CONSTANT_CONVERSION = YES;
				CLANG_WARN_DEPRECATED_OBJC_IMPLEMENTATIONS = YES;
				CLANG_WARN_DIRECT_OBJC_ISA_USAGE = YES_ERROR;
				CLANG_WARN_DOCUMENTATION_COMMENTS = YES;
				CLANG_WARN_EMPTY_BODY = YES;
				CLANG_WARN_ENUM_CONVERSION = YES;
				CLANG_WARN_INFINITE_RECURSION = YES;
				CLANG_WARN_INT_CONVERSION = YES;
				CLANG_WARN_NON_LITERAL_NULL_CONVERSION = YES;
				CLANG_WARN_OBJC_IMPLICIT_RETAIN_SELF = YES;
				CLANG_WARN_OBJC_LITERAL_CONVERSION = YES;
				CLANG_WARN_OBJC_ROOT_CLASS = YES_ERROR;
				CLANG_WARN_QUOTED_INCLUDE_IN_FRAMEWORK_HEADER = YES;
				CLANG_WARN_RANGE_LOOP_ANALYSIS = YES;
				CLANG_WARN_STRICT_PROTOTYPES = YES;
				CLANG_WARN_SUSPICIOUS_MOVE = YES;
				CLANG_WARN_UNGUARDED_AVAILABILITY = YES_AGGRESSIVE;
				CLANG_WARN_UNREACHABLE_CODE = YES;
				CLANG_WARN__DUPLICATE_METHOD_MATCH = YES;
				COPY_PHASE_STRIP = NO;
				DEBUG_INFORMATION_FORMAT = "dwarf-with-dsym";
				ENABLE_NS_ASSERTIONS = NO;
				ENABLE_STRICT_OBJC_MSGSEND = YES;
				GCC_C_LANGUAGE_STANDARD = gnu11;
				GCC_NO_COMMON_BLOCKS = YES;
				GCC_WARN_64_TO_32_BIT_CONVERSION = YES;
				GCC_WARN_ABOUT_RETURN_TYPE = YES_ERROR;
				GCC_WARN_UNDECLARED_SELECTOR = YES;
				GCC_WARN_UNINITIALIZED_AUTOS = YES_AGGRESSIVE;
				GCC_WARN_UNUSED_FUNCTION = YES;
				GCC_WARN_UNUSED_VARIABLE = YES;
				IPHONEOS_DEPLOYMENT_TARGET = 15.0;
				MTL_ENABLE_DEBUG_INFO = NO;
				MTL_FAST_MATH = YES;
				SDKROOT = iphoneos;
				SWIFT_COMPILATION_MODE = wholemodule;
				SWIFT_OPTIMIZATION_LEVEL = "-O";
				VALIDATE_PRODUCT = YES;
			};
			name = Release;
		};
		4293170F270D1BC80004DEED /* Debug */ = {
			isa = XCBuildConfiguration;
			baseConfigurationReference = 88090AFA2B67F61823806C33 /* Pods-LunchRadio.debug.xcconfig */;
			buildSettings = {
				ASSETCATALOG_COMPILER_APPICON_NAME = AppIcon;
				ASSETCATALOG_COMPILER_GLOBAL_ACCENT_COLOR_NAME = AccentColor;
				CODE_SIGN_STYLE = Automatic;
				CURRENT_PROJECT_VERSION = 1;
				DEVELOPMENT_TEAM = Z44PNMNA6D;
				GENERATE_INFOPLIST_FILE = YES;
				INFOPLIST_FILE = LunchRadio/Info.plist;
				INFOPLIST_KEY_CFBundleDisplayName = "급식무전기";
				INFOPLIST_KEY_UIApplicationSupportsIndirectInputEvents = YES;
				INFOPLIST_KEY_UILaunchStoryboardName = LaunchScreen;
				INFOPLIST_KEY_UIMainStoryboardFile = Main;
				INFOPLIST_KEY_UISupportedInterfaceOrientations_iPad = "UIInterfaceOrientationPortrait UIInterfaceOrientationPortraitUpsideDown UIInterfaceOrientationLandscapeLeft UIInterfaceOrientationLandscapeRight";
				INFOPLIST_KEY_UISupportedInterfaceOrientations_iPhone = "UIInterfaceOrientationPortrait UIInterfaceOrientationLandscapeLeft UIInterfaceOrientationLandscapeRight";
				IPHONEOS_DEPLOYMENT_TARGET = 15.0;
				LD_RUNPATH_SEARCH_PATHS = (
					"$(inherited)",
					"@executable_path/Frameworks",
				);
				MARKETING_VERSION = 1.0;
				PRODUCT_BUNDLE_IDENTIFIER = BO.LunchRadio;
				PRODUCT_NAME = "$(TARGET_NAME)";
				SWIFT_EMIT_LOC_STRINGS = YES;
				SWIFT_VERSION = 5.0;
				TARGETED_DEVICE_FAMILY = 1;
			};
			name = Debug;
		};
		42931710270D1BC80004DEED /* Release */ = {
			isa = XCBuildConfiguration;
			baseConfigurationReference = F3B98E716FE13223818A5E28 /* Pods-LunchRadio.release.xcconfig */;
			buildSettings = {
				ASSETCATALOG_COMPILER_APPICON_NAME = AppIcon;
				ASSETCATALOG_COMPILER_GLOBAL_ACCENT_COLOR_NAME = AccentColor;
				CODE_SIGN_STYLE = Automatic;
				CURRENT_PROJECT_VERSION = 1;
				DEVELOPMENT_TEAM = Z44PNMNA6D;
				GENERATE_INFOPLIST_FILE = YES;
				INFOPLIST_FILE = LunchRadio/Info.plist;
				INFOPLIST_KEY_CFBundleDisplayName = "급식무전기";
				INFOPLIST_KEY_UIApplicationSupportsIndirectInputEvents = YES;
				INFOPLIST_KEY_UILaunchStoryboardName = LaunchScreen;
				INFOPLIST_KEY_UIMainStoryboardFile = Main;
				INFOPLIST_KEY_UISupportedInterfaceOrientations_iPad = "UIInterfaceOrientationPortrait UIInterfaceOrientationPortraitUpsideDown UIInterfaceOrientationLandscapeLeft UIInterfaceOrientationLandscapeRight";
				INFOPLIST_KEY_UISupportedInterfaceOrientations_iPhone = "UIInterfaceOrientationPortrait UIInterfaceOrientationLandscapeLeft UIInterfaceOrientationLandscapeRight";
				IPHONEOS_DEPLOYMENT_TARGET = 15.0;
				LD_RUNPATH_SEARCH_PATHS = (
					"$(inherited)",
					"@executable_path/Frameworks",
				);
				MARKETING_VERSION = 1.0;
				PRODUCT_BUNDLE_IDENTIFIER = BO.LunchRadio;
				PRODUCT_NAME = "$(TARGET_NAME)";
				SWIFT_EMIT_LOC_STRINGS = YES;
				SWIFT_VERSION = 5.0;
				TARGETED_DEVICE_FAMILY = 1;
			};
			name = Release;
		};
/* End XCBuildConfiguration section */

/* Begin XCConfigurationList section */
		429316F5270D1BC70004DEED /* Build configuration list for PBXProject "LunchRadio" */ = {
			isa = XCConfigurationList;
			buildConfigurations = (
				4293170C270D1BC80004DEED /* Debug */,
				4293170D270D1BC80004DEED /* Release */,
			);
			defaultConfigurationIsVisible = 0;
			defaultConfigurationName = Release;
		};
		4293170E270D1BC80004DEED /* Build configuration list for PBXNativeTarget "LunchRadio" */ = {
			isa = XCConfigurationList;
			buildConfigurations = (
				4293170F270D1BC80004DEED /* Debug */,
				42931710270D1BC80004DEED /* Release */,
			);
			defaultConfigurationIsVisible = 0;
			defaultConfigurationName = Release;
		};
/* End XCConfigurationList section */
	};
	rootObject = 429316F2270D1BC70004DEED /* Project object */;
}
